
Microsoft Visual Studio Solution File, Format Version 12.00
# Visual Studio Version 17
VisualStudioVersion = 17.5.002.0
MinimumVisualStudioVersion = 10.0.40219.1
Project("{9A19103F-16F7-4668-BE54-9A1E7A4F7556}") = "dot.pics", "dot.pics.csproj", "{AD78C9E0-6843-40F6-B11E-34170EF9CEA5}"
EndProject
Global
	GlobalSection(SolutionConfigurationPlatforms) = preSolution
		Debug|Any CPU = Debug|Any CPU
		Release|Any CPU = Release|Any CPU
	EndGlobalSection
	GlobalSection(ProjectConfigurationPlatforms) = postSolution
		{AD78C9E0-6843-40F6-B11E-34170EF9CEA5}.Debug|Any CPU.ActiveCfg = Debug|Any CPU
		{AD78C9E0-6843-40F6-B11E-34170EF9CEA5}.Debug|Any CPU.Build.0 = Debug|Any CPU
		{AD78C9E0-6843-40F6-B11E-34170EF9CEA5}.Release|Any CPU.ActiveCfg = Release|Any CPU
		{AD78C9E0-6843-40F6-B11E-34170EF9CEA5}.Release|Any CPU.Build.0 = Release|Any CPU
	EndGlobalSection
	GlobalSection(SolutionProperties) = preSolution
		HideSolutionNode = FALSE
	EndGlobalSection
	GlobalSection(ExtensibilityGlobals) = postSolution
		SolutionGuid = {407E501D-07A2-43CF-853A-9F988036D58A}
	EndGlobalSection
EndGlobal
